// !$*UTF8*$!
{
	archiveVersion = 1;
	classes = {
	};
	objectVersion = 50;
	objects = {

/* Begin PBXBuildFile section */
		FA16978A26EF553A00492B2A /* AppDelegate.swift in Sources */ = {isa = PBXBuildFile; fileRef = FA16978926EF553A00492B2A /* AppDelegate.swift */; };
		FA16978C26EF553A00492B2A /* SceneDelegate.swift in Sources */ = {isa = PBXBuildFile; fileRef = FA16978B26EF553A00492B2A /* SceneDelegate.swift */; };
		FA16978E26EF553A00492B2A /* ViewController.swift in Sources */ = {isa = PBXBuildFile; fileRef = FA16978D26EF553A00492B2A /* ViewController.swift */; };
		FA16979126EF553A00492B2A /* Main.storyboard in Resources */ = {isa = PBXBuildFile; fileRef = FA16978F26EF553A00492B2A /* Main.storyboard */; };
		FA16979326EF553A00492B2A /* Assets.xcassets in Resources */ = {isa = PBXBuildFile; fileRef = FA16979226EF553A00492B2A /* Assets.xcassets */; };
		FA16979626EF553A00492B2A /* LaunchScreen.storyboard in Resources */ = {isa = PBXBuildFile; fileRef = FA16979426EF553A00492B2A /* LaunchScreen.storyboard */; };
		FA16979E26EF574000492B2A /* Constants.swift in Sources */ = {isa = PBXBuildFile; fileRef = FA16979D26EF574000492B2A /* Constants.swift */; };
		FA1697A326EF5D6400492B2A /* WeatherManager.swift in Sources */ = {isa = PBXBuildFile; fileRef = FA1697A226EF5D6400492B2A /* WeatherManager.swift */; };
		FA1697A626EF610700492B2A /* WeatherData.swift in Sources */ = {isa = PBXBuildFile; fileRef = FA1697A526EF610700492B2A /* WeatherData.swift */; };
		FA1697A826EF635300492B2A /* WeatherModel.swift in Sources */ = {isa = PBXBuildFile; fileRef = FA1697A726EF635300492B2A /* WeatherModel.swift */; };
/* End PBXBuildFile section */

/* Begin PBXFileReference section */
		FA16978626EF553A00492B2A /* Weather.app */ = {isa = PBXFileReference; explicitFileType = wrapper.application; includeInIndex = 0; path = Weather.app; sourceTree = BUILT_PRODUCTS_DIR; };
		FA16978926EF553A00492B2A /* AppDelegate.swift */ = {isa = PBXFileReference; lastKnownFileType = sourcecode.swift; path = AppDelegate.swift; sourceTree = "<group>"; };
		FA16978B26EF553A00492B2A /* SceneDelegate.swift */ = {isa = PBXFileReference; lastKnownFileType = sourcecode.swift; path = SceneDelegate.swift; sourceTree = "<group>"; };
		FA16978D26EF553A00492B2A /* ViewController.swift */ = {isa = PBXFileReference; lastKnownFileType = sourcecode.swift; path = ViewController.swift; sourceTree = "<group>"; };
		FA16979026EF553A00492B2A /* Base */ = {isa = PBXFileReference; lastKnownFileType = file.storyboard; name = Base; path = Base.lproj/Main.storyboard; sourceTree = "<group>"; };
		FA16979226EF553A00492B2A /* Assets.xcassets */ = {isa = PBXFileReference; lastKnownFileType = folder.assetcatalog; path = Assets.xcassets; sourceTree = "<group>"; };
		FA16979526EF553A00492B2A /* Base */ = {isa = PBXFileReference; lastKnownFileType = file.storyboard; name = Base; path = Base.lproj/LaunchScreen.storyboard; sourceTree = "<group>"; };
		FA16979726EF553A00492B2A /* Info.plist */ = {isa = PBXFileReference; lastKnownFileType = text.plist.xml; path = Info.plist; sourceTree = "<group>"; };
		FA16979D26EF574000492B2A /* Constants.swift */ = {isa = PBXFileReference; lastKnownFileType = sourcecode.swift; path = Constants.swift; sourceTree = "<group>"; };
		FA1697A226EF5D6400492B2A /* WeatherManager.swift */ = {isa = PBXFileReference; lastKnownFileType = sourcecode.swift; path = WeatherManager.swift; sourceTree = "<group>"; };
		FA1697A526EF610700492B2A /* WeatherData.swift */ = {isa = PBXFileReference; lastKnownFileType = sourcecode.swift; path = WeatherData.swift; sourceTree = "<group>"; };
		FA1697A726EF635300492B2A /* WeatherModel.swift */ = {isa = PBXFileReference; lastKnownFileType = sourcecode.swift; path = WeatherModel.swift; sourceTree = "<group>"; };
/* End PBXFileReference section */

/* Begin PBXFrameworksBuildPhase section */
		FA16978326EF553A00492B2A /* Frameworks */ = {
			isa = PBXFrameworksBuildPhase;
			buildActionMask = 2147483647;
			files = (
			);
			runOnlyForDeploymentPostprocessing = 0;
		};
/* End PBXFrameworksBuildPhase section */

/* Begin PBXGroup section */
		FA16977D26EF553A00492B2A = {
			isa = PBXGroup;
			children = (
				FA16978826EF553A00492B2A /* Weather */,
				FA16978726EF553A00492B2A /* Products */,
			);
			sourceTree = "<group>";
		};
		FA16978726EF553A00492B2A /* Products */ = {
			isa = PBXGroup;
			children = (
				FA16978626EF553A00492B2A /* Weather.app */,
			);
			name = Products;
			sourceTree = "<group>";
		};
		FA16978826EF553A00492B2A /* Weather */ = {
			isa = PBXGroup;
			children = (
				FA16978926EF553A00492B2A /* AppDelegate.swift */,
				FA16978B26EF553A00492B2A /* SceneDelegate.swift */,
				FA16979F26EF574500492B2A /* Helpers */,
				FA1697A426EF5D6B00492B2A /* Model */,
				FA1697A026EF575200492B2A /* View Controllers */,
				FA1697A126EF575A00492B2A /* Storyboard */,
				FA16979226EF553A00492B2A /* Assets.xcassets */,
				FA16979426EF553A00492B2A /* LaunchScreen.storyboard */,
				FA16979726EF553A00492B2A /* Info.plist */,
			);
			path = Weather;
			sourceTree = "<group>";
		};
		FA16979F26EF574500492B2A /* Helpers */ = {
			isa = PBXGroup;
			children = (
				FA16979D26EF574000492B2A /* Constants.swift */,
			);
			path = Helpers;
			sourceTree = "<group>";
		};
		FA1697A026EF575200492B2A /* View Controllers */ = {
			isa = PBXGroup;
			children = (
				FA16978D26EF553A00492B2A /* ViewController.swift */,
			);
			path = "View Controllers";
			sourceTree = "<group>";
		};
		FA1697A126EF575A00492B2A /* Storyboard */ = {
			isa = PBXGroup;
			children = (
				FA16978F26EF553A00492B2A /* Main.storyboard */,
			);
			path = Storyboard;
			sourceTree = "<group>";
		};
		FA1697A426EF5D6B00492B2A /* Model */ = {
			isa = PBXGroup;
			children = (
				FA1697A226EF5D6400492B2A /* WeatherManager.swift */,
				FA1697A526EF610700492B2A /* WeatherData.swift */,
				FA1697A726EF635300492B2A /* WeatherModel.swift */,
			);
			path = Model;
			sourceTree = "<group>";
		};
/* End PBXGroup section */

/* Begin PBXNativeTarget section */
		FA16978526EF553A00492B2A /* Weather */ = {
			isa = PBXNativeTarget;
			buildConfigurationList = FA16979A26EF553A00492B2A /* Build configuration list for PBXNativeTarget "Weather" */;
			buildPhases = (
				FA16978226EF553A00492B2A /* Sources */,
				FA16978326EF553A00492B2A /* Frameworks */,
				FA16978426EF553A00492B2A /* Resources */,
			);
			buildRules = (
			);
			dependencies = (
			);
			name = Weather;
			productName = Weather;
			productReference = FA16978626EF553A00492B2A /* Weather.app */;
			productType = "com.apple.product-type.application";
		};
/* End PBXNativeTarget section */

/* Begin PBXProject section */
		FA16977E26EF553A00492B2A /* Project object */ = {
			isa = PBXProject;
			attributes = {
				LastSwiftUpdateCheck = 1250;
				LastUpgradeCheck = 1250;
				TargetAttributes = {
					FA16978526EF553A00492B2A = {
						CreatedOnToolsVersion = 12.5.1;
					};
				};
			};
			buildConfigurationList = FA16978126EF553A00492B2A /* Build configuration list for PBXProject "Weather" */;
			compatibilityVersion = "Xcode 9.3";
			developmentRegion = en;
			hasScannedForEncodings = 0;
			knownRegions = (
				en,
				Base,
			);
			mainGroup = FA16977D26EF553A00492B2A;
			productRefGroup = FA16978726EF553A00492B2A /* Products */;
			projectDirPath = "";
			projectRoot = "";
			targets = (
				FA16978526EF553A00492B2A /* Weather */,
			);
		};
/* End PBXProject section */

/* Begin PBXResourcesBuildPhase section */
		FA16978426EF553A00492B2A /* Resources */ = {
			isa = PBXResourcesBuildPhase;
			buildActionMask = 2147483647;
			files = (
				FA16979626EF553A00492B2A /* LaunchScreen.storyboard in Resources */,
				FA16979326EF553A00492B2A /* Assets.xcassets in Resources */,
				FA16979126EF553A00492B2A /* Main.storyboard in Resources */,
			);
			runOnlyForDeploymentPostprocessing = 0;
		};
/* End PBXResourcesBuildPhase section */

/* Begin PBXSourcesBuildPhase section */
		FA16978226EF553A00492B2A /* Sources */ = {
			isa = PBXSourcesBuildPhase;
			buildActionMask = 2147483647;
			files = (
				FA16978E26EF553A00492B2A /* ViewController.swift in Sources */,
				FA16978A26EF553A00492B2A /* AppDelegate.swift in Sources */,
				FA1697A326EF5D6400492B2A /* WeatherManager.swift in Sources */,
				FA1697A826EF635300492B2A /* WeatherModel.swift in Sources */,
				FA16978C26EF553A00492B2A /* SceneDelegate.swift in Sources */,
				FA1697A626EF610700492B2A /* WeatherData.swift in Sources */,
				FA16979E26EF574000492B2A /* Constants.swift in Sources */,
			);
			runOnlyForDeploymentPostprocessing = 0;
		};
/* End PBXSourcesBuildPhase section */

/* Begin PBXVariantGroup section */
		FA16978F26EF553A00492B2A /* Main.storyboard */ = {
			isa = PBXVariantGroup;
			children = (
				FA16979026EF553A00492B2A /* Base */,
			);
			name = Main.storyboard;
			sourceTree = "<group>";
		};
		FA16979426EF553A00492B2A /* LaunchScreen.storyboard */ = {
			isa = PBXVariantGroup;
			children = (
				FA16979526EF553A00492B2A /* Base */,
			);
			name = LaunchScreen.storyboard;
			sourceTree = "<group>";
		};
/* End PBXVariantGroup section */

/* Begin XCBuildConfiguration section */
		FA16979826EF553A00492B2A /* Debug */ = {
			isa = XCBuildConfiguration;
			buildSettings = {
				ALWAYS_SEARCH_USER_PATHS = NO;
				CLANG_ANALYZER_NONNULL = YES;
				CLANG_ANALYZER_NUMBER_OBJECT_CONVERSION = YES_AGGRESSIVE;
				CLANG_CXX_LANGUAGE_STANDARD = "gnu++14";
				CLANG_CXX_LIBRARY = "libc++";
				CLANG_ENABLE_MODULES = YES;
				CLANG_ENABLE_OBJC_ARC = YES;
				CLANG_ENABLE_OBJC_WEAK = YES;
				CLANG_WARN_BLOCK_CAPTURE_AUTORELEASING = YES;
				CLANG_WARN_BOOL_CONVERSION = YES;
				CLANG_WARN_COMMA = YES;
				CLANG_WARN_CONSTANT_CONVERSION = YES;
				CLANG_WARN_DEPRECATED_OBJC_IMPLEMENTATIONS = YES;
				CLANG_WARN_DIRECT_OBJC_ISA_USAGE = YES_ERROR;
				CLANG_WARN_DOCUMENTATION_COMMENTS = YES;
				CLANG_WARN_EMPTY_BODY = YES;
				CLANG_WARN_ENUM_CONVERSION = YES;
				CLANG_WARN_INFINITE_RECURSION = YES;
				CLANG_WARN_INT_CONVERSION = YES;
				CLANG_WARN_NON_LITERAL_NULL_CONVERSION = YES;
				CLANG_WARN_OBJC_IMPLICIT_RETAIN_SELF = YES;
				CLANG_WARN_OBJC_LITERAL_CONVERSION = YES;
				CLANG_WARN_OBJC_ROOT_CLASS = YES_ERROR;
				CLANG_WARN_QUOTED_INCLUDE_IN_FRAMEWORK_HEADER = YES;
				CLANG_WARN_RANGE_LOOP_ANALYSIS = YES;
				CLANG_WARN_STRICT_PROTOTYPES = YES;
				CLANG_WARN_SUSPICIOUS_MOVE = YES;
				CLANG_WARN_UNGUARDED_AVAILABILITY = YES_AGGRESSIVE;
				CLANG_WARN_UNREACHABLE_CODE = YES;
				CLANG_WARN__DUPLICATE_METHOD_MATCH = YES;
				COPY_PHASE_STRIP = NO;
				DEBUG_INFORMATION_FORMAT = dwarf;
				ENABLE_STRICT_OBJC_MSGSEND = YES;
				ENABLE_TESTABILITY = YES;
				GCC_C_LANGUAGE_STANDARD = gnu11;
				GCC_DYNAMIC_NO_PIC = NO;
				GCC_NO_COMMON_BLOCKS = YES;
				GCC_OPTIMIZATION_LEVEL = 0;
				GCC_PREPROCESSOR_DEFINITIONS = (
					"DEBUG=1",
					"$(inherited)",
				);
				GCC_WARN_64_TO_32_BIT_CONVERSION = YES;
				GCC_WARN_ABOUT_RETURN_TYPE = YES_ERROR;
				GCC_WARN_UNDECLARED_SELECTOR = YES;
				GCC_WARN_UNINITIALIZED_AUTOS = YES_AGGRESSIVE;
				GCC_WARN_UNUSED_FUNCTION = YES;
				GCC_WARN_UNUSED_VARIABLE = YES;
				IPHONEOS_DEPLOYMENT_TARGET = 14.5;
				MTL_ENABLE_DEBUG_INFO = INCLUDE_SOURCE;
				MTL_FAST_MATH = YES;
				ONLY_ACTIVE_ARCH = YES;
				SDKROOT = iphoneos;
				SWIFT_ACTIVE_COMPILATION_CONDITIONS = DEBUG;
				SWIFT_OPTIMIZATION_LEVEL = "-Onone";
			};
			name = Debug;
		};
		FA16979926EF553A00492B2A /* Release */ = {
			isa = XCBuildConfiguration;
			buildSettings = {
				ALWAYS_SEARCH_USER_PATHS = NO;
				CLANG_ANALYZER_NONNULL = YES;
				CLANG_ANALYZER_NUMBER_OBJECT_CONVERSION = YES_AGGRESSIVE;
				CLANG_CXX_LANGUAGE_STANDARD = "gnu++14";
				CLANG_CXX_LIBRARY = "libc++";
				CLANG_ENABLE_MODULES = YES;
				CLANG_ENABLE_OBJC_ARC = YES;
				CLANG_ENABLE_OBJC_WEAK = YES;
				CLANG_WARN_BLOCK_CAPTURE_AUTORELEASING = YES;
				CLANG_WARN_BOOL_CONVERSION = YES;
				CLANG_WARN_COMMA = YES;
				CLANG_WARN_CONSTANT_CONVERSION = YES;
				CLANG_WARN_DEPRECATED_OBJC_IMPLEMENTATIONS = YES;
				CLANG_WARN_DIRECT_OBJC_ISA_USAGE = YES_ERROR;
				CLANG_WARN_DOCUMENTATION_COMMENTS = YES;
				CLANG_WARN_EMPTY_BODY = YES;
				CLANG_WARN_ENUM_CONVERSION = YES;
				CLANG_WARN_INFINITE_RECURSION = YES;
				CLANG_WARN_INT_CONVERSION = YES;
				CLANG_WARN_NON_LITERAL_NULL_CONVERSION = YES;
				CLANG_WARN_OBJC_IMPLICIT_RETAIN_SELF = YES;
				CLANG_WARN_OBJC_LITERAL_CONVERSION = YES;
				CLANG_WARN_OBJC_ROOT_CLASS = YES_ERROR;
				CLANG_WARN_QUOTED_INCLUDE_IN_FRAMEWORK_HEADER = YES;
				CLANG_WARN_RANGE_LOOP_ANALYSIS = YES;
				CLANG_WARN_STRICT_PROTOTYPES = YES;
				CLANG_WARN_SUSPICIOUS_MOVE = YES;
				CLANG_WARN_UNGUARDED_AVAILABILITY = YES_AGGRESSIVE;
				CLANG_WARN_UNREACHABLE_CODE = YES;
				CLANG_WARN__DUPLICATE_METHOD_MATCH = YES;
				COPY_PHASE_STRIP = NO;
				DEBUG_INFORMATION_FORMAT = "dwarf-with-dsym";
				ENABLE_NS_ASSERTIONS = NO;
				ENABLE_STRICT_OBJC_MSGSEND = YES;
				GCC_C_LANGUAGE_STANDARD = gnu11;
				GCC_NO_COMMON_BLOCKS = YES;
				GCC_WARN_64_TO_32_BIT_CONVERSION = YES;
				GCC_WARN_ABOUT_RETURN_TYPE = YES_ERROR;
				GCC_WARN_UNDECLARED_SELECTOR = YES;
				GCC_WARN_UNINITIALIZED_AUTOS = YES_AGGRESSIVE;
				GCC_WARN_UNUSED_FUNCTION = YES;
				GCC_WARN_UNUSED_VARIABLE = YES;
				IPHONEOS_DEPLOYMENT_TARGET = 14.5;
				MTL_ENABLE_DEBUG_INFO = NO;
				MTL_FAST_MATH = YES;
				SDKROOT = iphoneos;
				SWIFT_COMPILATION_MODE = wholemodule;
				SWIFT_OPTIMIZATION_LEVEL = "-O";
				VALIDATE_PRODUCT = YES;
			};
			name = Release;
		};
		FA16979B26EF553A00492B2A /* Debug */ = {
			isa = XCBuildConfiguration;
			buildSettings = {
				ASSETCATALOG_COMPILER_APPICON_NAME = AppIcon;
				ASSETCATALOG_COMPILER_GLOBAL_ACCENT_COLOR_NAME = AccentColor;
				CODE_SIGN_STYLE = Automatic;
				DEVELOPMENT_TEAM = 6TKT435P79;
				INFOPLIST_FILE = Weather/Info.plist;
				LD_RUNPATH_SEARCH_PATHS = (
					"$(inherited)",
					"@executable_path/Frameworks",
				);
				PRODUCT_BUNDLE_IDENTIFIER = com.alexcannizzo.Weather;
				PRODUCT_NAME = "$(TARGET_NAME)";
				SWIFT_VERSION = 5.0;
				TARGETED_DEVICE_FAMILY = "1,2";
			};
			name = Debug;
		};
		FA16979C26EF553A00492B2A /* Release */ = {
			isa = XCBuildConfiguration;
			buildSettings = {
				ASSETCATALOG_COMPILER_APPICON_NAME = AppIcon;
				ASSETCATALOG_COMPILER_GLOBAL_ACCENT_COLOR_NAME = AccentColor;
				CODE_SIGN_STYLE = Automatic;
				DEVELOPMENT_TEAM = 6TKT435P79;
				INFOPLIST_FILE = Weather/Info.plist;
				LD_RUNPATH_SEARCH_PATHS = (
					"$(inherited)",
					"@executable_path/Frameworks",
				);
				PRODUCT_BUNDLE_IDENTIFIER = com.alexcannizzo.Weather;
				PRODUCT_NAME = "$(TARGET_NAME)";
				SWIFT_VERSION = 5.0;
				TARGETED_DEVICE_FAMILY = "1,2";
			};
			name = Release;
		};
/* End XCBuildConfiguration section */

/* Begin XCConfigurationList section */
		FA16978126EF553A00492B2A /* Build configuration list for PBXProject "Weather" */ = {
			isa = XCConfigurationList;
			buildConfigurations = (
				FA16979826EF553A00492B2A /* Debug */,
				FA16979926EF553A00492B2A /* Release */,
			);
			defaultConfigurationIsVisible = 0;
			defaultConfigurationName = Release;
		};
		FA16979A26EF553A00492B2A /* Build configuration list for PBXNativeTarget "Weather" */ = {
			isa = XCConfigurationList;
			buildConfigurations = (
				FA16979B26EF553A00492B2A /* Debug */,
				FA16979C26EF553A00492B2A /* Release */,
			);
			defaultConfigurationIsVisible = 0;
			defaultConfigurationName = Release;
		};
/* End XCConfigurationList section */
	};
	rootObject = FA16977E26EF553A00492B2A /* Project object */;
}
